// !$*UTF8*$!
{
	archiveVersion = 1;
	classes = {
	};
	objectVersion = 46;
	objects = {

/* Begin PBXBuildFile section */
		8E8D756F1D467A8100BD83AB /* AppDelegate.swift in Sources */ = {isa = PBXBuildFile; fileRef = 8E8D756E1D467A8100BD83AB /* AppDelegate.swift */; };
		8E8D75711D467A8100BD83AB /* ViewController.swift in Sources */ = {isa = PBXBuildFile; fileRef = 8E8D75701D467A8100BD83AB /* ViewController.swift */; };
		8E8D75741D467A8100BD83AB /* Main.storyboard in Resources */ = {isa = PBXBuildFile; fileRef = 8E8D75721D467A8100BD83AB /* Main.storyboard */; };
		8E8D75761D467A8100BD83AB /* Assets.xcassets in Resources */ = {isa = PBXBuildFile; fileRef = 8E8D75751D467A8100BD83AB /* Assets.xcassets */; };
		8E8D75791D467A8100BD83AB /* LaunchScreen.storyboard in Resources */ = {isa = PBXBuildFile; fileRef = 8E8D75771D467A8100BD83AB /* LaunchScreen.storyboard */; };
		8E8D75841D467A8200BD83AB /* Game_of_LifeTests.swift in Sources */ = {isa = PBXBuildFile; fileRef = 8E8D75831D467A8200BD83AB /* Game_of_LifeTests.swift */; };
		8E8D758F1D467A9900BD83AB /* State.swift in Sources */ = {isa = PBXBuildFile; fileRef = 8E8D758E1D467A9900BD83AB /* State.swift */; };
		8E8D75911D467B0500BD83AB /* Cell.swift in Sources */ = {isa = PBXBuildFile; fileRef = 8E8D75901D467B0500BD83AB /* Cell.swift */; };
		8E8D75931D467B3200BD83AB /* Life.swift in Sources */ = {isa = PBXBuildFile; fileRef = 8E8D75921D467B3200BD83AB /* Life.swift */; };
		8E8D75951D467B8100BD83AB /* GameBoard.swift in Sources */ = {isa = PBXBuildFile; fileRef = 8E8D75941D467B8100BD83AB /* GameBoard.swift */; };
		8E8D75971D46A57500BD83AB /* Utility.swift in Sources */ = {isa = PBXBuildFile; fileRef = 8E8D75961D46A57500BD83AB /* Utility.swift */; };
/* End PBXBuildFile section */

/* Begin PBXContainerItemProxy section */
		8E8D75801D467A8200BD83AB /* PBXContainerItemProxy */ = {
			isa = PBXContainerItemProxy;
			containerPortal = 8E8D75631D467A8100BD83AB /* Project object */;
			proxyType = 1;
			remoteGlobalIDString = 8E8D756A1D467A8100BD83AB;
			remoteInfo = "Game of Life";
		};
/* End PBXContainerItemProxy section */

/* Begin PBXFileReference section */
		8E8D756B1D467A8100BD83AB /* Game of Life.app */ = {isa = PBXFileReference; explicitFileType = wrapper.application; includeInIndex = 0; path = "Game of Life.app"; sourceTree = BUILT_PRODUCTS_DIR; };
		8E8D756E1D467A8100BD83AB /* AppDelegate.swift */ = {isa = PBXFileReference; lastKnownFileType = sourcecode.swift; path = AppDelegate.swift; sourceTree = "<group>"; };
		8E8D75701D467A8100BD83AB /* ViewController.swift */ = {isa = PBXFileReference; lastKnownFileType = sourcecode.swift; path = ViewController.swift; sourceTree = "<group>"; };
		8E8D75731D467A8100BD83AB /* Base */ = {isa = PBXFileReference; lastKnownFileType = file.storyboard; name = Base; path = Base.lproj/Main.storyboard; sourceTree = "<group>"; };
		8E8D75751D467A8100BD83AB /* Assets.xcassets */ = {isa = PBXFileReference; lastKnownFileType = folder.assetcatalog; path = Assets.xcassets; sourceTree = "<group>"; };
		8E8D75781D467A8100BD83AB /* Base */ = {isa = PBXFileReference; lastKnownFileType = file.storyboard; name = Base; path = Base.lproj/LaunchScreen.storyboard; sourceTree = "<group>"; };
		8E8D757A1D467A8100BD83AB /* Info.plist */ = {isa = PBXFileReference; lastKnownFileType = text.plist.xml; path = Info.plist; sourceTree = "<group>"; };
		8E8D757F1D467A8200BD83AB /* Game of LifeTests.xctest */ = {isa = PBXFileReference; explicitFileType = wrapper.cfbundle; includeInIndex = 0; path = "Game of LifeTests.xctest"; sourceTree = BUILT_PRODUCTS_DIR; };
		8E8D75831D467A8200BD83AB /* Game_of_LifeTests.swift */ = {isa = PBXFileReference; lastKnownFileType = sourcecode.swift; path = Game_of_LifeTests.swift; sourceTree = "<group>"; };
		8E8D75851D467A8200BD83AB /* Info.plist */ = {isa = PBXFileReference; lastKnownFileType = text.plist.xml; path = Info.plist; sourceTree = "<group>"; };
		8E8D758E1D467A9900BD83AB /* State.swift */ = {isa = PBXFileReference; fileEncoding = 4; lastKnownFileType = sourcecode.swift; name = State.swift; path = ../State.swift; sourceTree = "<group>"; };
		8E8D75901D467B0500BD83AB /* Cell.swift */ = {isa = PBXFileReference; fileEncoding = 4; lastKnownFileType = sourcecode.swift; name = Cell.swift; path = ../Cell.swift; sourceTree = "<group>"; };
		8E8D75921D467B3200BD83AB /* Life.swift */ = {isa = PBXFileReference; fileEncoding = 4; lastKnownFileType = sourcecode.swift; name = Life.swift; path = ../Life.swift; sourceTree = "<group>"; };
		8E8D75941D467B8100BD83AB /* GameBoard.swift */ = {isa = PBXFileReference; fileEncoding = 4; lastKnownFileType = sourcecode.swift; name = GameBoard.swift; path = ../GameBoard.swift; sourceTree = "<group>"; };
		8E8D75961D46A57500BD83AB /* Utility.swift */ = {isa = PBXFileReference; fileEncoding = 4; lastKnownFileType = sourcecode.swift; path = Utility.swift; sourceTree = "<group>"; };
/* End PBXFileReference section */

/* Begin PBXFrameworksBuildPhase section */
		8E8D75681D467A8100BD83AB /* Frameworks */ = {
			isa = PBXFrameworksBuildPhase;
			buildActionMask = 2147483647;
			files = (
			);
			runOnlyForDeploymentPostprocessing = 0;
		};
		8E8D757C1D467A8200BD83AB /* Frameworks */ = {
			isa = PBXFrameworksBuildPhase;
			buildActionMask = 2147483647;
			files = (
			);
			runOnlyForDeploymentPostprocessing = 0;
		};
/* End PBXFrameworksBuildPhase section */

/* Begin PBXGroup section */
		8E8D75621D467A8000BD83AB = {
			isa = PBXGroup;
			children = (
				8E8D75961D46A57500BD83AB /* Utility.swift */,
				8E8D756D1D467A8100BD83AB /* Game of Life */,
				8E8D75821D467A8200BD83AB /* Game of LifeTests */,
				8E8D756C1D467A8100BD83AB /* Products */,
			);
			sourceTree = "<group>";
		};
		8E8D756C1D467A8100BD83AB /* Products */ = {
			isa = PBXGroup;
			children = (
				8E8D756B1D467A8100BD83AB /* Game of Life.app */,
				8E8D757F1D467A8200BD83AB /* Game of LifeTests.xctest */,
			);
			name = Products;
			sourceTree = "<group>";
		};
		8E8D756D1D467A8100BD83AB /* Game of Life */ = {
			isa = PBXGroup;
			children = (
				8E8D758E1D467A9900BD83AB /* State.swift */,
				8E8D75901D467B0500BD83AB /* Cell.swift */,
				8E8D75921D467B3200BD83AB /* Life.swift */,
				8E8D75941D467B8100BD83AB /* GameBoard.swift */,
				8E8D756E1D467A8100BD83AB /* AppDelegate.swift */,
				8E8D75701D467A8100BD83AB /* ViewController.swift */,
				8E8D75721D467A8100BD83AB /* Main.storyboard */,
				8E8D75751D467A8100BD83AB /* Assets.xcassets */,
				8E8D75771D467A8100BD83AB /* LaunchScreen.storyboard */,
				8E8D757A1D467A8100BD83AB /* Info.plist */,
			);
			path = "Game of Life";
			sourceTree = "<group>";
		};
		8E8D75821D467A8200BD83AB /* Game of LifeTests */ = {
			isa = PBXGroup;
			children = (
				8E8D75831D467A8200BD83AB /* Game_of_LifeTests.swift */,
				8E8D75851D467A8200BD83AB /* Info.plist */,
			);
			path = "Game of LifeTests";
			sourceTree = "<group>";
		};
/* End PBXGroup section */

/* Begin PBXNativeTarget section */
		8E8D756A1D467A8100BD83AB /* Game of Life */ = {
			isa = PBXNativeTarget;
			buildConfigurationList = 8E8D75881D467A8200BD83AB /* Build configuration list for PBXNativeTarget "Game of Life" */;
			buildPhases = (
				8E8D75671D467A8100BD83AB /* Sources */,
				8E8D75681D467A8100BD83AB /* Frameworks */,
				8E8D75691D467A8100BD83AB /* Resources */,
			);
			buildRules = (
			);
			dependencies = (
			);
			name = "Game of Life";
			productName = "Game of Life";
			productReference = 8E8D756B1D467A8100BD83AB /* Game of Life.app */;
			productType = "com.apple.product-type.application";
		};
		8E8D757E1D467A8200BD83AB /* Game of LifeTests */ = {
			isa = PBXNativeTarget;
			buildConfigurationList = 8E8D758B1D467A8200BD83AB /* Build configuration list for PBXNativeTarget "Game of LifeTests" */;
			buildPhases = (
				8E8D757B1D467A8200BD83AB /* Sources */,
				8E8D757C1D467A8200BD83AB /* Frameworks */,
				8E8D757D1D467A8200BD83AB /* Resources */,
			);
			buildRules = (
			);
			dependencies = (
				8E8D75811D467A8200BD83AB /* PBXTargetDependency */,
			);
			name = "Game of LifeTests";
			productName = "Game of LifeTests";
			productReference = 8E8D757F1D467A8200BD83AB /* Game of LifeTests.xctest */;
			productType = "com.apple.product-type.bundle.unit-test";
		};
/* End PBXNativeTarget section */

/* Begin PBXProject section */
		8E8D75631D467A8100BD83AB /* Project object */ = {
			isa = PBXProject;
			attributes = {
				LastSwiftUpdateCheck = 0730;
				LastUpgradeCheck = 0730;
				ORGANIZATIONNAME = gordonseto;
				TargetAttributes = {
					8E8D756A1D467A8100BD83AB = {
						CreatedOnToolsVersion = 7.3.1;
					};
					8E8D757E1D467A8200BD83AB = {
						CreatedOnToolsVersion = 7.3.1;
						TestTargetID = 8E8D756A1D467A8100BD83AB;
					};
				};
			};
			buildConfigurationList = 8E8D75661D467A8100BD83AB /* Build configuration list for PBXProject "Game of Life" */;
			compatibilityVersion = "Xcode 3.2";
			developmentRegion = English;
			hasScannedForEncodings = 0;
			knownRegions = (
				en,
				Base,
			);
			mainGroup = 8E8D75621D467A8000BD83AB;
			productRefGroup = 8E8D756C1D467A8100BD83AB /* Products */;
			projectDirPath = "";
			projectRoot = "";
			targets = (
				8E8D756A1D467A8100BD83AB /* Game of Life */,
				8E8D757E1D467A8200BD83AB /* Game of LifeTests */,
			);
		};
/* End PBXProject section */

/* Begin PBXResourcesBuildPhase section */
		8E8D75691D467A8100BD83AB /* Resources */ = {
			isa = PBXResourcesBuildPhase;
			buildActionMask = 2147483647;
			files = (
				8E8D75791D467A8100BD83AB /* LaunchScreen.storyboard in Resources */,
				8E8D75761D467A8100BD83AB /* Assets.xcassets in Resources */,
				8E8D75741D467A8100BD83AB /* Main.storyboard in Resources */,
			);
			runOnlyForDeploymentPostprocessing = 0;
		};
		8E8D757D1D467A8200BD83AB /* Resources */ = {
			isa = PBXResourcesBuildPhase;
			buildActionMask = 2147483647;
			files = (
			);
			runOnlyForDeploymentPostprocessing = 0;
		};
/* End PBXResourcesBuildPhase section */

/* Begin PBXSourcesBuildPhase section */
		8E8D75671D467A8100BD83AB /* Sources */ = {
			isa = PBXSourcesBuildPhase;
			buildActionMask = 2147483647;
			files = (
				8E8D75971D46A57500BD83AB /* Utility.swift in Sources */,
				8E8D75711D467A8100BD83AB /* ViewController.swift in Sources */,
				8E8D75911D467B0500BD83AB /* Cell.swift in Sources */,
				8E8D756F1D467A8100BD83AB /* AppDelegate.swift in Sources */,
				8E8D758F1D467A9900BD83AB /* State.swift in Sources */,
				8E8D75951D467B8100BD83AB /* GameBoard.swift in Sources */,
				8E8D75931D467B3200BD83AB /* Life.swift in Sources */,
			);
			runOnlyForDeploymentPostprocessing = 0;
		};
		8E8D757B1D467A8200BD83AB /* Sources */ = {
			isa = PBXSourcesBuildPhase;
			buildActionMask = 2147483647;
			files = (
				8E8D75841D467A8200BD83AB /* Game_of_LifeTests.swift in Sources */,
			);
			runOnlyForDeploymentPostprocessing = 0;
		};
/* End PBXSourcesBuildPhase section */

/* Begin PBXTargetDependency section */
		8E8D75811D467A8200BD83AB /* PBXTargetDependency */ = {
			isa = PBXTargetDependency;
			target = 8E8D756A1D467A8100BD83AB /* Game of Life */;
			targetProxy = 8E8D75801D467A8200BD83AB /* PBXContainerItemProxy */;
		};
/* End PBXTargetDependency section */

/* Begin PBXVariantGroup section */
		8E8D75721D467A8100BD83AB /* Main.storyboard */ = {
			isa = PBXVariantGroup;
			children = (
				8E8D75731D467A8100BD83AB /* Base */,
			);
			name = Main.storyboard;
			sourceTree = "<group>";
		};
		8E8D75771D467A8100BD83AB /* LaunchScreen.storyboard */ = {
			isa = PBXVariantGroup;
			children = (
				8E8D75781D467A8100BD83AB /* Base */,
			);
			name = LaunchScreen.storyboard;
			sourceTree = "<group>";
		};
/* End PBXVariantGroup section */

/* Begin XCBuildConfiguration section */
		8E8D75861D467A8200BD83AB /* Debug */ = {
			isa = XCBuildConfiguration;
			buildSettings = {
				ALWAYS_SEARCH_USER_PATHS = NO;
				CLANG_ANALYZER_NONNULL = YES;
				CLANG_CXX_LANGUAGE_STANDARD = "gnu++0x";
				CLANG_CXX_LIBRARY = "libc++";
				CLANG_ENABLE_MODULES = YES;
				CLANG_ENABLE_OBJC_ARC = YES;
				CLANG_WARN_BOOL_CONVERSION = YES;
				CLANG_WARN_CONSTANT_CONVERSION = YES;
				CLANG_WARN_DIRECT_OBJC_ISA_USAGE = YES_ERROR;
				CLANG_WARN_EMPTY_BODY = YES;
				CLANG_WARN_ENUM_CONVERSION = YES;
				CLANG_WARN_INT_CONVERSION = YES;
				CLANG_WARN_OBJC_ROOT_CLASS = YES_ERROR;
				CLANG_WARN_UNREACHABLE_CODE = YES;
				CLANG_WARN__DUPLICATE_METHOD_MATCH = YES;
				"CODE_SIGN_IDENTITY[sdk=iphoneos*]" = "iPhone Developer";
				COPY_PHASE_STRIP = NO;
				DEBUG_INFORMATION_FORMAT = dwarf;
				ENABLE_STRICT_OBJC_MSGSEND = YES;
				ENABLE_TESTABILITY = YES;
				GCC_C_LANGUAGE_STANDARD = gnu99;
				GCC_DYNAMIC_NO_PIC = NO;
				GCC_NO_COMMON_BLOCKS = YES;
				GCC_OPTIMIZATION_LEVEL = 0;
				GCC_PREPROCESSOR_DEFINITIONS = (
					"DEBUG=1",
					"$(inherited)",
				);
				GCC_WARN_64_TO_32_BIT_CONVERSION = YES;
				GCC_WARN_ABOUT_RETURN_TYPE = YES_ERROR;
				GCC_WARN_UNDECLARED_SELECTOR = YES;
				GCC_WARN_UNINITIALIZED_AUTOS = YES_AGGRESSIVE;
				GCC_WARN_UNUSED_FUNCTION = YES;
				GCC_WARN_UNUSED_VARIABLE = YES;
				IPHONEOS_DEPLOYMENT_TARGET = 9.3;
				MTL_ENABLE_DEBUG_INFO = YES;
				ONLY_ACTIVE_ARCH = YES;
				SDKROOT = iphoneos;
				SWIFT_OPTIMIZATION_LEVEL = "-Onone";
			};
			name = Debug;
		};
		8E8D75871D467A8200BD83AB /* Release */ = {
			isa = XCBuildConfiguration;
			buildSettings = {
				ALWAYS_SEARCH_USER_PATHS = NO;
				CLANG_ANALYZER_NONNULL = YES;
				CLANG_CXX_LANGUAGE_STANDARD = "gnu++0x";
				CLANG_CXX_LIBRARY = "libc++";
				CLANG_ENABLE_MODULES = YES;
				CLANG_ENABLE_OBJC_ARC = YES;
				CLANG_WARN_BOOL_CONVERSION = YES;
				CLANG_WARN_CONSTANT_CONVERSION = YES;
				CLANG_WARN_DIRECT_OBJC_ISA_USAGE = YES_ERROR;
				CLANG_WARN_EMPTY_BODY = YES;
				CLANG_WARN_ENUM_CONVERSION = YES;
				CLANG_WARN_INT_CONVERSION = YES;
				CLANG_WARN_OBJC_ROOT_CLASS = YES_ERROR;
				CLANG_WARN_UNREACHABLE_CODE = YES;
				CLANG_WARN__DUPLICATE_METHOD_MATCH = YES;
				"CODE_SIGN_IDENTITY[sdk=iphoneos*]" = "iPhone Developer";
				COPY_PHASE_STRIP = NO;
				DEBUG_INFORMATION_FORMAT = "dwarf-with-dsym";
				ENABLE_NS_ASSERTIONS = NO;
				ENABLE_STRICT_OBJC_MSGSEND = YES;
				GCC_C_LANGUAGE_STANDARD = gnu99;
				GCC_NO_COMMON_BLOCKS = YES;
				GCC_WARN_64_TO_32_BIT_CONVERSION = YES;
				GCC_WARN_ABOUT_RETURN_TYPE = YES_ERROR;
				GCC_WARN_UNDECLARED_SELECTOR = YES;
				GCC_WARN_UNINITIALIZED_AUTOS = YES_AGGRESSIVE;
				GCC_WARN_UNUSED_FUNCTION = YES;
				GCC_WARN_UNUSED_VARIABLE = YES;
				IPHONEOS_DEPLOYMENT_TARGET = 9.3;
				MTL_ENABLE_DEBUG_INFO = NO;
				SDKROOT = iphoneos;
				VALIDATE_PRODUCT = YES;
			};
			name = Release;
		};
		8E8D75891D467A8200BD83AB /* Debug */ = {
			isa = XCBuildConfiguration;
			buildSettings = {
				ASSETCATALOG_COMPILER_APPICON_NAME = AppIcon;
				INFOPLIST_FILE = "Game of Life/Info.plist";
				LD_RUNPATH_SEARCH_PATHS = "$(inherited) @executable_path/Frameworks";
				PRODUCT_BUNDLE_IDENTIFIER = "com.gordonseto.Game-of-Life";
				PRODUCT_NAME = "$(TARGET_NAME)";
			};
			name = Debug;
		};
		8E8D758A1D467A8200BD83AB /* Release */ = {
			isa = XCBuildConfiguration;
			buildSettings = {
				ASSETCATALOG_COMPILER_APPICON_NAME = AppIcon;
				INFOPLIST_FILE = "Game of Life/Info.plist";
				LD_RUNPATH_SEARCH_PATHS = "$(inherited) @executable_path/Frameworks";
				PRODUCT_BUNDLE_IDENTIFIER = "com.gordonseto.Game-of-Life";
				PRODUCT_NAME = "$(TARGET_NAME)";
			};
			name = Release;
		};
		8E8D758C1D467A8200BD83AB /* Debug */ = {
			isa = XCBuildConfiguration;
			buildSettings = {
				BUNDLE_LOADER = "$(TEST_HOST)";
				INFOPLIST_FILE = "Game of LifeTests/Info.plist";
				LD_RUNPATH_SEARCH_PATHS = "$(inherited) @executable_path/Frameworks @loader_path/Frameworks";
				PRODUCT_BUNDLE_IDENTIFIER = "com.gordonseto.Game-of-LifeTests";
				PRODUCT_NAME = "$(TARGET_NAME)";
				TEST_HOST = "$(BUILT_PRODUCTS_DIR)/Game of Life.app/Game of Life";
			};
			name = Debug;
		};
		8E8D758D1D467A8200BD83AB /* Release */ = {
			isa = XCBuildConfiguration;
			buildSettings = {
				BUNDLE_LOADER = "$(TEST_HOST)";
				INFOPLIST_FILE = "Game of LifeTests/Info.plist";
				LD_RUNPATH_SEARCH_PATHS = "$(inherited) @executable_path/Frameworks @loader_path/Frameworks";
				PRODUCT_BUNDLE_IDENTIFIER = "com.gordonseto.Game-of-LifeTests";
				PRODUCT_NAME = "$(TARGET_NAME)";
				TEST_HOST = "$(BUILT_PRODUCTS_DIR)/Game of Life.app/Game of Life";
			};
			name = Release;
		};
/* End XCBuildConfiguration section */

/* Begin XCConfigurationList section */
		8E8D75661D467A8100BD83AB /* Build configuration list for PBXProject "Game of Life" */ = {
			isa = XCConfigurationList;
			buildConfigurations = (
				8E8D75861D467A8200BD83AB /* Debug */,
				8E8D75871D467A8200BD83AB /* Release */,
			);
			defaultConfigurationIsVisible = 0;
			defaultConfigurationName = Release;
		};
		8E8D75881D467A8200BD83AB /* Build configuration list for PBXNativeTarget "Game of Life" */ = {
			isa = XCConfigurationList;
			buildConfigurations = (
				8E8D75891D467A8200BD83AB /* Debug */,
				8E8D758A1D467A8200BD83AB /* Release */,
			);
			defaultConfigurationIsVisible = 0;
		};
		8E8D758B1D467A8200BD83AB /* Build configuration list for PBXNativeTarget "Game of LifeTests" */ = {
			isa = XCConfigurationList;
			buildConfigurations = (
				8E8D758C1D467A8200BD83AB /* Debug */,
				8E8D758D1D467A8200BD83AB /* Release */,
			);
			defaultConfigurationIsVisible = 0;
		};
/* End XCConfigurationList section */
	};
	rootObject = 8E8D75631D467A8100BD83AB /* Project object */;
}
